
Microsoft Visual Studio Solution File, Format Version 12.00
# Visual Studio Version 17
VisualStudioVersion = 17.5.002.0
MinimumVisualStudioVersion = 10.0.40219.1
Project("{9A19103F-16F7-4668-BE54-9A1E7A4F7556}") = "FRIWO.WorkerServices", "FRIWO.WorkerServices.csproj", "{4D846E0C-1CBB-4664-8418-933A0DDBA56A}"
EndProject
Global
	GlobalSection(SolutionConfigurationPlatforms) = preSolution
		Debug|Any CPU = Debug|Any CPU
		Release|Any CPU = Release|Any CPU
	EndGlobalSection
	GlobalSection(ProjectConfigurationPlatforms) = postSolution
		{4D846E0C-1CBB-4664-8418-933A0DDBA56A}.Debug|Any CPU.ActiveCfg = Debug|Any CPU
		{4D846E0C-1CBB-4664-8418-933A0DDBA56A}.Debug|Any CPU.Build.0 = Debug|Any CPU
		{4D846E0C-1CBB-4664-8418-933A0DDBA56A}.Release|Any CPU.ActiveCfg = Release|Any CPU
		{4D846E0C-1CBB-4664-8418-933A0DDBA56A}.Release|Any CPU.Build.0 = Release|Any CPU
	EndGlobalSection
	GlobalSection(SolutionProperties) = preSolution
		HideSolutionNode = FALSE
	EndGlobalSection
	GlobalSection(ExtensibilityGlobals) = postSolution
		SolutionGuid = {D09F12C3-DB8F-4B4F-8633-3177BB45BD07}
	EndGlobalSection
EndGlobal
